// !$*UTF8*$!
{
	archiveVersion = 1;
	classes = {
	};
	objectVersion = 56;
	objects = {

/* Begin PBXBuildFile section */
		A11BD6602C3FFFB000E91F91 /* WasteContainerStatusApp.swift in Sources */ = {isa = PBXBuildFile; fileRef = A11BD65F2C3FFFB000E91F91 /* WasteContainerStatusApp.swift */; };
		A11BD6622C3FFFB000E91F91 /* ContentView.swift in Sources */ = {isa = PBXBuildFile; fileRef = A11BD6612C3FFFB000E91F91 /* ContentView.swift */; };
		A11BD6642C3FFFB000E91F91 /* Item.swift in Sources */ = {isa = PBXBuildFile; fileRef = A11BD6632C3FFFB000E91F91 /* Item.swift */; };
		A11BD6662C3FFFB200E91F91 /* Assets.xcassets in Resources */ = {isa = PBXBuildFile; fileRef = A11BD6652C3FFFB200E91F91 /* Assets.xcassets */; };
		A11BD6692C3FFFB200E91F91 /* Preview Assets.xcassets in Resources */ = {isa = PBXBuildFile; fileRef = A11BD6682C3FFFB200E91F91 /* Preview Assets.xcassets */; };
		A11BD6732C3FFFB200E91F91 /* WasteContainerStatusTests.swift in Sources */ = {isa = PBXBuildFile; fileRef = A11BD6722C3FFFB200E91F91 /* WasteContainerStatusTests.swift */; };
		A11BD67D2C3FFFB200E91F91 /* WasteContainerStatusUITests.swift in Sources */ = {isa = PBXBuildFile; fileRef = A11BD67C2C3FFFB200E91F91 /* WasteContainerStatusUITests.swift */; };
		A11BD67F2C3FFFB200E91F91 /* WasteContainerStatusUITestsLaunchTests.swift in Sources */ = {isa = PBXBuildFile; fileRef = A11BD67E2C3FFFB200E91F91 /* WasteContainerStatusUITestsLaunchTests.swift */; };
/* End PBXBuildFile section */

/* Begin PBXContainerItemProxy section */
		A11BD66F2C3FFFB200E91F91 /* PBXContainerItemProxy */ = {
			isa = PBXContainerItemProxy;
			containerPortal = A11BD6542C3FFFB000E91F91 /* Project object */;
			proxyType = 1;
			remoteGlobalIDString = A11BD65B2C3FFFB000E91F91;
			remoteInfo = WasteContainerStatus;
		};
		A11BD6792C3FFFB200E91F91 /* PBXContainerItemProxy */ = {
			isa = PBXContainerItemProxy;
			containerPortal = A11BD6542C3FFFB000E91F91 /* Project object */;
			proxyType = 1;
			remoteGlobalIDString = A11BD65B2C3FFFB000E91F91;
			remoteInfo = WasteContainerStatus;
		};
/* End PBXContainerItemProxy section */

/* Begin PBXFileReference section */
		A11BD65C2C3FFFB000E91F91 /* WasteContainerStatus.app */ = {isa = PBXFileReference; explicitFileType = wrapper.application; includeInIndex = 0; path = WasteContainerStatus.app; sourceTree = BUILT_PRODUCTS_DIR; };
		A11BD65F2C3FFFB000E91F91 /* WasteContainerStatusApp.swift */ = {isa = PBXFileReference; lastKnownFileType = sourcecode.swift; path = WasteContainerStatusApp.swift; sourceTree = "<group>"; };
		A11BD6612C3FFFB000E91F91 /* ContentView.swift */ = {isa = PBXFileReference; lastKnownFileType = sourcecode.swift; path = ContentView.swift; sourceTree = "<group>"; };
		A11BD6632C3FFFB000E91F91 /* Item.swift */ = {isa = PBXFileReference; lastKnownFileType = sourcecode.swift; path = Item.swift; sourceTree = "<group>"; };
		A11BD6652C3FFFB200E91F91 /* Assets.xcassets */ = {isa = PBXFileReference; lastKnownFileType = folder.assetcatalog; path = Assets.xcassets; sourceTree = "<group>"; };
		A11BD6682C3FFFB200E91F91 /* Preview Assets.xcassets */ = {isa = PBXFileReference; lastKnownFileType = folder.assetcatalog; path = "Preview Assets.xcassets"; sourceTree = "<group>"; };
		A11BD66E2C3FFFB200E91F91 /* WasteContainerStatusTests.xctest */ = {isa = PBXFileReference; explicitFileType = wrapper.cfbundle; includeInIndex = 0; path = WasteContainerStatusTests.xctest; sourceTree = BUILT_PRODUCTS_DIR; };
		A11BD6722C3FFFB200E91F91 /* WasteContainerStatusTests.swift */ = {isa = PBXFileReference; lastKnownFileType = sourcecode.swift; path = WasteContainerStatusTests.swift; sourceTree = "<group>"; };
		A11BD6782C3FFFB200E91F91 /* WasteContainerStatusUITests.xctest */ = {isa = PBXFileReference; explicitFileType = wrapper.cfbundle; includeInIndex = 0; path = WasteContainerStatusUITests.xctest; sourceTree = BUILT_PRODUCTS_DIR; };
		A11BD67C2C3FFFB200E91F91 /* WasteContainerStatusUITests.swift */ = {isa = PBXFileReference; lastKnownFileType = sourcecode.swift; path = WasteContainerStatusUITests.swift; sourceTree = "<group>"; };
		A11BD67E2C3FFFB200E91F91 /* WasteContainerStatusUITestsLaunchTests.swift */ = {isa = PBXFileReference; lastKnownFileType = sourcecode.swift; path = WasteContainerStatusUITestsLaunchTests.swift; sourceTree = "<group>"; };
/* End PBXFileReference section */

/* Begin PBXFrameworksBuildPhase section */
		A11BD6592C3FFFB000E91F91 /* Frameworks */ = {
			isa = PBXFrameworksBuildPhase;
			buildActionMask = 2147483647;
			files = (
			);
			runOnlyForDeploymentPostprocessing = 0;
		};
		A11BD66B2C3FFFB200E91F91 /* Frameworks */ = {
			isa = PBXFrameworksBuildPhase;
			buildActionMask = 2147483647;
			files = (
			);
			runOnlyForDeploymentPostprocessing = 0;
		};
		A11BD6752C3FFFB200E91F91 /* Frameworks */ = {
			isa = PBXFrameworksBuildPhase;
			buildActionMask = 2147483647;
			files = (
			);
			runOnlyForDeploymentPostprocessing = 0;
		};
/* End PBXFrameworksBuildPhase section */

/* Begin PBXGroup section */
		A11BD6532C3FFFB000E91F91 = {
			isa = PBXGroup;
			children = (
				A11BD65E2C3FFFB000E91F91 /* WasteContainerStatus */,
				A11BD6712C3FFFB200E91F91 /* WasteContainerStatusTests */,
				A11BD67B2C3FFFB200E91F91 /* WasteContainerStatusUITests */,
				A11BD65D2C3FFFB000E91F91 /* Products */,
			);
			sourceTree = "<group>";
		};
		A11BD65D2C3FFFB000E91F91 /* Products */ = {
			isa = PBXGroup;
			children = (
				A11BD65C2C3FFFB000E91F91 /* WasteContainerStatus.app */,
				A11BD66E2C3FFFB200E91F91 /* WasteContainerStatusTests.xctest */,
				A11BD6782C3FFFB200E91F91 /* WasteContainerStatusUITests.xctest */,
			);
			name = Products;
			sourceTree = "<group>";
		};
		A11BD65E2C3FFFB000E91F91 /* WasteContainerStatus */ = {
			isa = PBXGroup;
			children = (
				A11BD65F2C3FFFB000E91F91 /* WasteContainerStatusApp.swift */,
				A11BD6612C3FFFB000E91F91 /* ContentView.swift */,
				A11BD6632C3FFFB000E91F91 /* Item.swift */,
				A11BD6652C3FFFB200E91F91 /* Assets.xcassets */,
				A11BD6672C3FFFB200E91F91 /* Preview Content */,
			);
			path = WasteContainerStatus;
			sourceTree = "<group>";
		};
		A11BD6672C3FFFB200E91F91 /* Preview Content */ = {
			isa = PBXGroup;
			children = (
				A11BD6682C3FFFB200E91F91 /* Preview Assets.xcassets */,
			);
			path = "Preview Content";
			sourceTree = "<group>";
		};
		A11BD6712C3FFFB200E91F91 /* WasteContainerStatusTests */ = {
			isa = PBXGroup;
			children = (
				A11BD6722C3FFFB200E91F91 /* WasteContainerStatusTests.swift */,
			);
			path = WasteContainerStatusTests;
			sourceTree = "<group>";
		};
		A11BD67B2C3FFFB200E91F91 /* WasteContainerStatusUITests */ = {
			isa = PBXGroup;
			children = (
				A11BD67C2C3FFFB200E91F91 /* WasteContainerStatusUITests.swift */,
				A11BD67E2C3FFFB200E91F91 /* WasteContainerStatusUITestsLaunchTests.swift */,
			);
			path = WasteContainerStatusUITests;
			sourceTree = "<group>";
		};
/* End PBXGroup section */

/* Begin PBXNativeTarget section */
		A11BD65B2C3FFFB000E91F91 /* WasteContainerStatus */ = {
			isa = PBXNativeTarget;
			buildConfigurationList = A11BD6822C3FFFB200E91F91 /* Build configuration list for PBXNativeTarget "WasteContainerStatus" */;
			buildPhases = (
				A11BD6582C3FFFB000E91F91 /* Sources */,
				A11BD6592C3FFFB000E91F91 /* Frameworks */,
				A11BD65A2C3FFFB000E91F91 /* Resources */,
			);
			buildRules = (
			);
			dependencies = (
			);
			name = WasteContainerStatus;
			productName = WasteContainerStatus;
			productReference = A11BD65C2C3FFFB000E91F91 /* WasteContainerStatus.app */;
			productType = "com.apple.product-type.application";
		};
		A11BD66D2C3FFFB200E91F91 /* WasteContainerStatusTests */ = {
			isa = PBXNativeTarget;
			buildConfigurationList = A11BD6852C3FFFB200E91F91 /* Build configuration list for PBXNativeTarget "WasteContainerStatusTests" */;
			buildPhases = (
				A11BD66A2C3FFFB200E91F91 /* Sources */,
				A11BD66B2C3FFFB200E91F91 /* Frameworks */,
				A11BD66C2C3FFFB200E91F91 /* Resources */,
			);
			buildRules = (
			);
			dependencies = (
				A11BD6702C3FFFB200E91F91 /* PBXTargetDependency */,
			);
			name = WasteContainerStatusTests;
			productName = WasteContainerStatusTests;
			productReference = A11BD66E2C3FFFB200E91F91 /* WasteContainerStatusTests.xctest */;
			productType = "com.apple.product-type.bundle.unit-test";
		};
		A11BD6772C3FFFB200E91F91 /* WasteContainerStatusUITests */ = {
			isa = PBXNativeTarget;
			buildConfigurationList = A11BD6882C3FFFB200E91F91 /* Build configuration list for PBXNativeTarget "WasteContainerStatusUITests" */;
			buildPhases = (
				A11BD6742C3FFFB200E91F91 /* Sources */,
				A11BD6752C3FFFB200E91F91 /* Frameworks */,
				A11BD6762C3FFFB200E91F91 /* Resources */,
			);
			buildRules = (
			);
			dependencies = (
				A11BD67A2C3FFFB200E91F91 /* PBXTargetDependency */,
			);
			name = WasteContainerStatusUITests;
			productName = WasteContainerStatusUITests;
			productReference = A11BD6782C3FFFB200E91F91 /* WasteContainerStatusUITests.xctest */;
			productType = "com.apple.product-type.bundle.ui-testing";
		};
/* End PBXNativeTarget section */

/* Begin PBXProject section */
		A11BD6542C3FFFB000E91F91 /* Project object */ = {
			isa = PBXProject;
			attributes = {
				BuildIndependentTargetsInParallel = 1;
				LastSwiftUpdateCheck = 1540;
				LastUpgradeCheck = 1540;
				TargetAttributes = {
					A11BD65B2C3FFFB000E91F91 = {
						CreatedOnToolsVersion = 15.4;
					};
					A11BD66D2C3FFFB200E91F91 = {
						CreatedOnToolsVersion = 15.4;
						TestTargetID = A11BD65B2C3FFFB000E91F91;
					};
					A11BD6772C3FFFB200E91F91 = {
						CreatedOnToolsVersion = 15.4;
						TestTargetID = A11BD65B2C3FFFB000E91F91;
					};
				};
			};
			buildConfigurationList = A11BD6572C3FFFB000E91F91 /* Build configuration list for PBXProject "WasteContainerStatus" */;
			compatibilityVersion = "Xcode 14.0";
			developmentRegion = en;
			hasScannedForEncodings = 0;
			knownRegions = (
				en,
				Base,
			);
			mainGroup = A11BD6532C3FFFB000E91F91;
			productRefGroup = A11BD65D2C3FFFB000E91F91 /* Products */;
			projectDirPath = "";
			projectRoot = "";
			targets = (
				A11BD65B2C3FFFB000E91F91 /* WasteContainerStatus */,
				A11BD66D2C3FFFB200E91F91 /* WasteContainerStatusTests */,
				A11BD6772C3FFFB200E91F91 /* WasteContainerStatusUITests */,
			);
		};
/* End PBXProject section */

/* Begin PBXResourcesBuildPhase section */
		A11BD65A2C3FFFB000E91F91 /* Resources */ = {
			isa = PBXResourcesBuildPhase;
			buildActionMask = 2147483647;
			files = (
				A11BD6692C3FFFB200E91F91 /* Preview Assets.xcassets in Resources */,
				A11BD6662C3FFFB200E91F91 /* Assets.xcassets in Resources */,
			);
			runOnlyForDeploymentPostprocessing = 0;
		};
		A11BD66C2C3FFFB200E91F91 /* Resources */ = {
			isa = PBXResourcesBuildPhase;
			buildActionMask = 2147483647;
			files = (
			);
			runOnlyForDeploymentPostprocessing = 0;
		};
		A11BD6762C3FFFB200E91F91 /* Resources */ = {
			isa = PBXResourcesBuildPhase;
			buildActionMask = 2147483647;
			files = (
			);
			runOnlyForDeploymentPostprocessing = 0;
		};
/* End PBXResourcesBuildPhase section */

/* Begin PBXSourcesBuildPhase section */
		A11BD6582C3FFFB000E91F91 /* Sources */ = {
			isa = PBXSourcesBuildPhase;
			buildActionMask = 2147483647;
			files = (
				A11BD6622C3FFFB000E91F91 /* ContentView.swift in Sources */,
				A11BD6642C3FFFB000E91F91 /* Item.swift in Sources */,
				A11BD6602C3FFFB000E91F91 /* WasteContainerStatusApp.swift in Sources */,
			);
			runOnlyForDeploymentPostprocessing = 0;
		};
		A11BD66A2C3FFFB200E91F91 /* Sources */ = {
			isa = PBXSourcesBuildPhase;
			buildActionMask = 2147483647;
			files = (
				A11BD6732C3FFFB200E91F91 /* WasteContainerStatusTests.swift in Sources */,
			);
			runOnlyForDeploymentPostprocessing = 0;
		};
		A11BD6742C3FFFB200E91F91 /* Sources */ = {
			isa = PBXSourcesBuildPhase;
			buildActionMask = 2147483647;
			files = (
				A11BD67D2C3FFFB200E91F91 /* WasteContainerStatusUITests.swift in Sources */,
				A11BD67F2C3FFFB200E91F91 /* WasteContainerStatusUITestsLaunchTests.swift in Sources */,
			);
			runOnlyForDeploymentPostprocessing = 0;
		};
/* End PBXSourcesBuildPhase section */

/* Begin PBXTargetDependency section */
		A11BD6702C3FFFB200E91F91 /* PBXTargetDependency */ = {
			isa = PBXTargetDependency;
			target = A11BD65B2C3FFFB000E91F91 /* WasteContainerStatus */;
			targetProxy = A11BD66F2C3FFFB200E91F91 /* PBXContainerItemProxy */;
		};
		A11BD67A2C3FFFB200E91F91 /* PBXTargetDependency */ = {
			isa = PBXTargetDependency;
			target = A11BD65B2C3FFFB000E91F91 /* WasteContainerStatus */;
			targetProxy = A11BD6792C3FFFB200E91F91 /* PBXContainerItemProxy */;
		};
/* End PBXTargetDependency section */

/* Begin XCBuildConfiguration section */
		A11BD6802C3FFFB200E91F91 /* Debug */ = {
			isa = XCBuildConfiguration;
			buildSettings = {
				ALWAYS_SEARCH_USER_PATHS = NO;
				ASSETCATALOG_COMPILER_GENERATE_SWIFT_ASSET_SYMBOL_EXTENSIONS = YES;
				CLANG_ANALYZER_NONNULL = YES;
				CLANG_ANALYZER_NUMBER_OBJECT_CONVERSION = YES_AGGRESSIVE;
				CLANG_CXX_LANGUAGE_STANDARD = "gnu++20";
				CLANG_ENABLE_MODULES = YES;
				CLANG_ENABLE_OBJC_ARC = YES;
				CLANG_ENABLE_OBJC_WEAK = YES;
				CLANG_WARN_BLOCK_CAPTURE_AUTORELEASING = YES;
				CLANG_WARN_BOOL_CONVERSION = YES;
				CLANG_WARN_COMMA = YES;
				CLANG_WARN_CONSTANT_CONVERSION = YES;
				CLANG_WARN_DEPRECATED_OBJC_IMPLEMENTATIONS = YES;
				CLANG_WARN_DIRECT_OBJC_ISA_USAGE = YES_ERROR;
				CLANG_WARN_DOCUMENTATION_COMMENTS = YES;
				CLANG_WARN_EMPTY_BODY = YES;
				CLANG_WARN_ENUM_CONVERSION = YES;
				CLANG_WARN_INFINITE_RECURSION = YES;
				CLANG_WARN_INT_CONVERSION = YES;
				CLANG_WARN_NON_LITERAL_NULL_CONVERSION = YES;
				CLANG_WARN_OBJC_IMPLICIT_RETAIN_SELF = YES;
				CLANG_WARN_OBJC_LITERAL_CONVERSION = YES;
				CLANG_WARN_OBJC_ROOT_CLASS = YES_ERROR;
				CLANG_WARN_QUOTED_INCLUDE_IN_FRAMEWORK_HEADER = YES;
				CLANG_WARN_RANGE_LOOP_ANALYSIS = YES;
				CLANG_WARN_STRICT_PROTOTYPES = YES;
				CLANG_WARN_SUSPICIOUS_MOVE = YES;
				CLANG_WARN_UNGUARDED_AVAILABILITY = YES_AGGRESSIVE;
				CLANG_WARN_UNREACHABLE_CODE = YES;
				CLANG_WARN__DUPLICATE_METHOD_MATCH = YES;
				COPY_PHASE_STRIP = NO;
				DEBUG_INFORMATION_FORMAT = dwarf;
				ENABLE_STRICT_OBJC_MSGSEND = YES;
				ENABLE_TESTABILITY = YES;
				ENABLE_USER_SCRIPT_SANDBOXING = YES;
				GCC_C_LANGUAGE_STANDARD = gnu17;
				GCC_DYNAMIC_NO_PIC = NO;
				GCC_NO_COMMON_BLOCKS = YES;
				GCC_OPTIMIZATION_LEVEL = 0;
				GCC_PREPROCESSOR_DEFINITIONS = (
					"DEBUG=1",
					"$(inherited)",
				);
				GCC_WARN_64_TO_32_BIT_CONVERSION = YES;
				GCC_WARN_ABOUT_RETURN_TYPE = YES_ERROR;
				GCC_WARN_UNDECLARED_SELECTOR = YES;
				GCC_WARN_UNINITIALIZED_AUTOS = YES_AGGRESSIVE;
				GCC_WARN_UNUSED_FUNCTION = YES;
				GCC_WARN_UNUSED_VARIABLE = YES;
				IPHONEOS_DEPLOYMENT_TARGET = 17.5;
				LOCALIZATION_PREFERS_STRING_CATALOGS = YES;
				MTL_ENABLE_DEBUG_INFO = INCLUDE_SOURCE;
				MTL_FAST_MATH = YES;
				ONLY_ACTIVE_ARCH = YES;
				SDKROOT = iphoneos;
				SWIFT_ACTIVE_COMPILATION_CONDITIONS = "DEBUG $(inherited)";
				SWIFT_OPTIMIZATION_LEVEL = "-Onone";
			};
			name = Debug;
		};
		A11BD6812C3FFFB200E91F91 /* Release */ = {
			isa = XCBuildConfiguration;
			buildSettings = {
				ALWAYS_SEARCH_USER_PATHS = NO;
				ASSETCATALOG_COMPILER_GENERATE_SWIFT_ASSET_SYMBOL_EXTENSIONS = YES;
				CLANG_ANALYZER_NONNULL = YES;
				CLANG_ANALYZER_NUMBER_OBJECT_CONVERSION = YES_AGGRESSIVE;
				CLANG_CXX_LANGUAGE_STANDARD = "gnu++20";
				CLANG_ENABLE_MODULES = YES;
				CLANG_ENABLE_OBJC_ARC = YES;
				CLANG_ENABLE_OBJC_WEAK = YES;
				CLANG_WARN_BLOCK_CAPTURE_AUTORELEASING = YES;
				CLANG_WARN_BOOL_CONVERSION = YES;
				CLANG_WARN_COMMA = YES;
				CLANG_WARN_CONSTANT_CONVERSION = YES;
				CLANG_WARN_DEPRECATED_OBJC_IMPLEMENTATIONS = YES;
				CLANG_WARN_DIRECT_OBJC_ISA_USAGE = YES_ERROR;
				CLANG_WARN_DOCUMENTATION_COMMENTS = YES;
				CLANG_WARN_EMPTY_BODY = YES;
				CLANG_WARN_ENUM_CONVERSION = YES;
				CLANG_WARN_INFINITE_RECURSION = YES;
				CLANG_WARN_INT_CONVERSION = YES;
				CLANG_WARN_NON_LITERAL_NULL_CONVERSION = YES;
				CLANG_WARN_OBJC_IMPLICIT_RETAIN_SELF = YES;
				CLANG_WARN_OBJC_LITERAL_CONVERSION = YES;
				CLANG_WARN_OBJC_ROOT_CLASS = YES_ERROR;
				CLANG_WARN_QUOTED_INCLUDE_IN_FRAMEWORK_HEADER = YES;
				CLANG_WARN_RANGE_LOOP_ANALYSIS = YES;
				CLANG_WARN_STRICT_PROTOTYPES = YES;
				CLANG_WARN_SUSPICIOUS_MOVE = YES;
				CLANG_WARN_UNGUARDED_AVAILABILITY = YES_AGGRESSIVE;
				CLANG_WARN_UNREACHABLE_CODE = YES;
				CLANG_WARN__DUPLICATE_METHOD_MATCH = YES;
				COPY_PHASE_STRIP = NO;
				DEBUG_INFORMATION_FORMAT = "dwarf-with-dsym";
				ENABLE_NS_ASSERTIONS = NO;
				ENABLE_STRICT_OBJC_MSGSEND = YES;
				ENABLE_USER_SCRIPT_SANDBOXING = YES;
				GCC_C_LANGUAGE_STANDARD = gnu17;
				GCC_NO_COMMON_BLOCKS = YES;
				GCC_WARN_64_TO_32_BIT_CONVERSION = YES;
				GCC_WARN_ABOUT_RETURN_TYPE = YES_ERROR;
				GCC_WARN_UNDECLARED_SELECTOR = YES;
				GCC_WARN_UNINITIALIZED_AUTOS = YES_AGGRESSIVE;
				GCC_WARN_UNUSED_FUNCTION = YES;
				GCC_WARN_UNUSED_VARIABLE = YES;
				IPHONEOS_DEPLOYMENT_TARGET = 17.5;
				LOCALIZATION_PREFERS_STRING_CATALOGS = YES;
				MTL_ENABLE_DEBUG_INFO = NO;
				MTL_FAST_MATH = YES;
				SDKROOT = iphoneos;
				SWIFT_COMPILATION_MODE = wholemodule;
				VALIDATE_PRODUCT = YES;
			};
			name = Release;
		};
		A11BD6832C3FFFB200E91F91 /* Debug */ = {
			isa = XCBuildConfiguration;
			buildSettings = {
				ASSETCATALOG_COMPILER_APPICON_NAME = AppIcon;
				ASSETCATALOG_COMPILER_GLOBAL_ACCENT_COLOR_NAME = AccentColor;
				CODE_SIGN_STYLE = Automatic;
				CURRENT_PROJECT_VERSION = 1;
				DEVELOPMENT_ASSET_PATHS = "\"WasteContainerStatus/Preview Content\"";
				DEVELOPMENT_TEAM = 9S55FTZQ5W;
				ENABLE_PREVIEWS = YES;
				GENERATE_INFOPLIST_FILE = YES;
				INFOPLIST_KEY_UIApplicationSceneManifest_Generation = YES;
				INFOPLIST_KEY_UIApplicationSupportsIndirectInputEvents = YES;
				INFOPLIST_KEY_UILaunchScreen_Generation = YES;
				INFOPLIST_KEY_UISupportedInterfaceOrientations_iPad = "UIInterfaceOrientationPortrait UIInterfaceOrientationPortraitUpsideDown UIInterfaceOrientationLandscapeLeft UIInterfaceOrientationLandscapeRight";
				INFOPLIST_KEY_UISupportedInterfaceOrientations_iPhone = "UIInterfaceOrientationPortrait UIInterfaceOrientationLandscapeLeft UIInterfaceOrientationLandscapeRight";
				LD_RUNPATH_SEARCH_PATHS = (
					"$(inherited)",
					"@executable_path/Frameworks",
				);
				MARKETING_VERSION = 1.0;
				PRODUCT_BUNDLE_IDENTIFIER = milovandiest.WasteContainerStatus;
				PRODUCT_NAME = "$(TARGET_NAME)";
				SWIFT_EMIT_LOC_STRINGS = YES;
				SWIFT_VERSION = 5.0;
				TARGETED_DEVICE_FAMILY = "1,2";
			};
			name = Debug;
		};
		A11BD6842C3FFFB200E91F91 /* Release */ = {
			isa = XCBuildConfiguration;
			buildSettings = {
				ASSETCATALOG_COMPILER_APPICON_NAME = AppIcon;
				ASSETCATALOG_COMPILER_GLOBAL_ACCENT_COLOR_NAME = AccentColor;
				CODE_SIGN_STYLE = Automatic;
				CURRENT_PROJECT_VERSION = 1;
				DEVELOPMENT_ASSET_PATHS = "\"WasteContainerStatus/Preview Content\"";
				DEVELOPMENT_TEAM = 9S55FTZQ5W;
				ENABLE_PREVIEWS = YES;
				GENERATE_INFOPLIST_FILE = YES;
				INFOPLIST_KEY_UIApplicationSceneManifest_Generation = YES;
				INFOPLIST_KEY_UIApplicationSupportsIndirectInputEvents = YES;
				INFOPLIST_KEY_UILaunchScreen_Generation = YES;
				INFOPLIST_KEY_UISupportedInterfaceOrientations_iPad = "UIInterfaceOrientationPortrait UIInterfaceOrientationPortraitUpsideDown UIInterfaceOrientationLandscapeLeft UIInterfaceOrientationLandscapeRight";
				INFOPLIST_KEY_UISupportedInterfaceOrientations_iPhone = "UIInterfaceOrientationPortrait UIInterfaceOrientationLandscapeLeft UIInterfaceOrientationLandscapeRight";
				LD_RUNPATH_SEARCH_PATHS = (
					"$(inherited)",
					"@executable_path/Frameworks",
				);
				MARKETING_VERSION = 1.0;
				PRODUCT_BUNDLE_IDENTIFIER = milovandiest.WasteContainerStatus;
				PRODUCT_NAME = "$(TARGET_NAME)";
				SWIFT_EMIT_LOC_STRINGS = YES;
				SWIFT_VERSION = 5.0;
				TARGETED_DEVICE_FAMILY = "1,2";
			};
			name = Release;
		};
		A11BD6862C3FFFB200E91F91 /* Debug */ = {
			isa = XCBuildConfiguration;
			buildSettings = {
				ALWAYS_EMBED_SWIFT_STANDARD_LIBRARIES = YES;
				BUNDLE_LOADER = "$(TEST_HOST)";
				CODE_SIGN_STYLE = Automatic;
				CURRENT_PROJECT_VERSION = 1;
				DEVELOPMENT_TEAM = 9S55FTZQ5W;
				GENERATE_INFOPLIST_FILE = YES;
				IPHONEOS_DEPLOYMENT_TARGET = 17.5;
				MARKETING_VERSION = 1.0;
				PRODUCT_BUNDLE_IDENTIFIER = milovandiest.WasteContainerStatusTests;
				PRODUCT_NAME = "$(TARGET_NAME)";
				SWIFT_EMIT_LOC_STRINGS = NO;
				SWIFT_VERSION = 5.0;
				TARGETED_DEVICE_FAMILY = "1,2";
				TEST_HOST = "$(BUILT_PRODUCTS_DIR)/WasteContainerStatus.app/$(BUNDLE_EXECUTABLE_FOLDER_PATH)/WasteContainerStatus";
			};
			name = Debug;
		};
		A11BD6872C3FFFB200E91F91 /* Release */ = {
			isa = XCBuildConfiguration;
			buildSettings = {
				ALWAYS_EMBED_SWIFT_STANDARD_LIBRARIES = YES;
				BUNDLE_LOADER = "$(TEST_HOST)";
				CODE_SIGN_STYLE = Automatic;
				CURRENT_PROJECT_VERSION = 1;
				DEVELOPMENT_TEAM = 9S55FTZQ5W;
				GENERATE_INFOPLIST_FILE = YES;
				IPHONEOS_DEPLOYMENT_TARGET = 17.5;
				MARKETING_VERSION = 1.0;
				PRODUCT_BUNDLE_IDENTIFIER = milovandiest.WasteContainerStatusTests;
				PRODUCT_NAME = "$(TARGET_NAME)";
				SWIFT_EMIT_LOC_STRINGS = NO;
				SWIFT_VERSION = 5.0;
				TARGETED_DEVICE_FAMILY = "1,2";
				TEST_HOST = "$(BUILT_PRODUCTS_DIR)/WasteContainerStatus.app/$(BUNDLE_EXECUTABLE_FOLDER_PATH)/WasteContainerStatus";
			};
			name = Release;
		};
		A11BD6892C3FFFB200E91F91 /* Debug */ = {
			isa = XCBuildConfiguration;
			buildSettings = {
				ALWAYS_EMBED_SWIFT_STANDARD_LIBRARIES = YES;
				CODE_SIGN_STYLE = Automatic;
				CURRENT_PROJECT_VERSION = 1;
				DEVELOPMENT_TEAM = 9S55FTZQ5W;
				GENERATE_INFOPLIST_FILE = YES;
				MARKETING_VERSION = 1.0;
				PRODUCT_BUNDLE_IDENTIFIER = milovandiest.WasteContainerStatusUITests;
				PRODUCT_NAME = "$(TARGET_NAME)";
				SWIFT_EMIT_LOC_STRINGS = NO;
				SWIFT_VERSION = 5.0;
				TARGETED_DEVICE_FAMILY = "1,2";
				TEST_TARGET_NAME = WasteContainerStatus;
			};
			name = Debug;
		};
		A11BD68A2C3FFFB200E91F91 /* Release */ = {
			isa = XCBuildConfiguration;
			buildSettings = {
				ALWAYS_EMBED_SWIFT_STANDARD_LIBRARIES = YES;
				CODE_SIGN_STYLE = Automatic;
				CURRENT_PROJECT_VERSION = 1;
				DEVELOPMENT_TEAM = 9S55FTZQ5W;
				GENERATE_INFOPLIST_FILE = YES;
				MARKETING_VERSION = 1.0;
				PRODUCT_BUNDLE_IDENTIFIER = milovandiest.WasteContainerStatusUITests;
				PRODUCT_NAME = "$(TARGET_NAME)";
				SWIFT_EMIT_LOC_STRINGS = NO;
				SWIFT_VERSION = 5.0;
				TARGETED_DEVICE_FAMILY = "1,2";
				TEST_TARGET_NAME = WasteContainerStatus;
			};
			name = Release;
		};
/* End XCBuildConfiguration section */

/* Begin XCConfigurationList section */
		A11BD6572C3FFFB000E91F91 /* Build configuration list for PBXProject "WasteContainerStatus" */ = {
			isa = XCConfigurationList;
			buildConfigurations = (
				A11BD6802C3FFFB200E91F91 /* Debug */,
				A11BD6812C3FFFB200E91F91 /* Release */,
			);
			defaultConfigurationIsVisible = 0;
			defaultConfigurationName = Release;
		};
		A11BD6822C3FFFB200E91F91 /* Build configuration list for PBXNativeTarget "WasteContainerStatus" */ = {
			isa = XCConfigurationList;
			buildConfigurations = (
				A11BD6832C3FFFB200E91F91 /* Debug */,
				A11BD6842C3FFFB200E91F91 /* Release */,
			);
			defaultConfigurationIsVisible = 0;
			defaultConfigurationName = Release;
		};
		A11BD6852C3FFFB200E91F91 /* Build configuration list for PBXNativeTarget "WasteContainerStatusTests" */ = {
			isa = XCConfigurationList;
			buildConfigurations = (
				A11BD6862C3FFFB200E91F91 /* Debug */,
				A11BD6872C3FFFB200E91F91 /* Release */,
			);
			defaultConfigurationIsVisible = 0;
			defaultConfigurationName = Release;
		};
		A11BD6882C3FFFB200E91F91 /* Build configuration list for PBXNativeTarget "WasteContainerStatusUITests" */ = {
			isa = XCConfigurationList;
			buildConfigurations = (
				A11BD6892C3FFFB200E91F91 /* Debug */,
				A11BD68A2C3FFFB200E91F91 /* Release */,
			);
			defaultConfigurationIsVisible = 0;
			defaultConfigurationName = Release;
		};
/* End XCConfigurationList section */
	};
	rootObject = A11BD6542C3FFFB000E91F91 /* Project object */;
}
